
Microsoft Visual Studio Solution File, Format Version 12.00
# Visual Studio 15
VisualStudioVersion = 15.0.28307.1831
MinimumVisualStudioVersion = 10.0.40219.1
Project("{159641D6-6404-4A2A-AE62-294DE0FE8301}") = "DWBI_IT20188818", "DWBI_IT20188818\DWBI_IT20188818.dtproj", "{145EBA9A-D889-4091-A9AC-8A54BA3193F2}"
EndProject
Global
	GlobalSection(SolutionConfigurationPlatforms) = preSolution
		Development|Default = Development|Default
	EndGlobalSection
	GlobalSection(ProjectConfigurationPlatforms) = postSolution
		{145EBA9A-D889-4091-A9AC-8A54BA3193F2}.Development|Default.ActiveCfg = Development
		{145EBA9A-D889-4091-A9AC-8A54BA3193F2}.Development|Default.Build.0 = Development
	EndGlobalSection
	GlobalSection(SolutionProperties) = preSolution
		HideSolutionNode = FALSE
	EndGlobalSection
	GlobalSection(ExtensibilityGlobals) = postSolution
		SolutionGuid = {3ADF8454-EC76-4B54-AC88-E845F6A0B837}
	EndGlobalSection
EndGlobal
